// !$*UTF8*$!
{
	archiveVersion = 1;
	classes = {
	};
	objectVersion = 56;
	objects = {

/* Begin PBXBuildFile section */
		6AE8708F2B35B7580020C9FB /* AppDelegate.swift in Sources */ = {isa = PBXBuildFile; fileRef = 6AE8708E2B35B7580020C9FB /* AppDelegate.swift */; };
		6AE870912B35B7580020C9FB /* SceneDelegate.swift in Sources */ = {isa = PBXBuildFile; fileRef = 6AE870902B35B7580020C9FB /* SceneDelegate.swift */; };
		6AE870932B35B7580020C9FB /* ViewController.swift in Sources */ = {isa = PBXBuildFile; fileRef = 6AE870922B35B7580020C9FB /* ViewController.swift */; };
		6AE870962B35B7580020C9FB /* Main.storyboard in Resources */ = {isa = PBXBuildFile; fileRef = 6AE870942B35B7580020C9FB /* Main.storyboard */; };
		6AE870982B35B75B0020C9FB /* Assets.xcassets in Resources */ = {isa = PBXBuildFile; fileRef = 6AE870972B35B75B0020C9FB /* Assets.xcassets */; };
		6AE8709B2B35B75B0020C9FB /* LaunchScreen.storyboard in Resources */ = {isa = PBXBuildFile; fileRef = 6AE870992B35B75B0020C9FB /* LaunchScreen.storyboard */; };
		6AE870A62B35B75B0020C9FB /* UdderTests.swift in Sources */ = {isa = PBXBuildFile; fileRef = 6AE870A52B35B75B0020C9FB /* UdderTests.swift */; };
		6AE870B02B35B75B0020C9FB /* UdderUITests.swift in Sources */ = {isa = PBXBuildFile; fileRef = 6AE870AF2B35B75B0020C9FB /* UdderUITests.swift */; };
		6AE870B22B35B75B0020C9FB /* UdderUITestsLaunchTests.swift in Sources */ = {isa = PBXBuildFile; fileRef = 6AE870B12B35B75B0020C9FB /* UdderUITestsLaunchTests.swift */; };
/* End PBXBuildFile section */

/* Begin PBXContainerItemProxy section */
		6AE870A22B35B75B0020C9FB /* PBXContainerItemProxy */ = {
			isa = PBXContainerItemProxy;
			containerPortal = 6AE870832B35B7580020C9FB /* Project object */;
			proxyType = 1;
			remoteGlobalIDString = 6AE8708A2B35B7580020C9FB;
			remoteInfo = Udder;
		};
		6AE870AC2B35B75B0020C9FB /* PBXContainerItemProxy */ = {
			isa = PBXContainerItemProxy;
			containerPortal = 6AE870832B35B7580020C9FB /* Project object */;
			proxyType = 1;
			remoteGlobalIDString = 6AE8708A2B35B7580020C9FB;
			remoteInfo = Udder;
		};
/* End PBXContainerItemProxy section */

/* Begin PBXFileReference section */
		6AE8708B2B35B7580020C9FB /* Udder.app */ = {isa = PBXFileReference; explicitFileType = wrapper.application; includeInIndex = 0; path = Udder.app; sourceTree = BUILT_PRODUCTS_DIR; };
		6AE8708E2B35B7580020C9FB /* AppDelegate.swift */ = {isa = PBXFileReference; lastKnownFileType = sourcecode.swift; path = AppDelegate.swift; sourceTree = "<group>"; };
		6AE870902B35B7580020C9FB /* SceneDelegate.swift */ = {isa = PBXFileReference; lastKnownFileType = sourcecode.swift; path = SceneDelegate.swift; sourceTree = "<group>"; };
		6AE870922B35B7580020C9FB /* ViewController.swift */ = {isa = PBXFileReference; lastKnownFileType = sourcecode.swift; path = ViewController.swift; sourceTree = "<group>"; };
		6AE870952B35B7580020C9FB /* Base */ = {isa = PBXFileReference; lastKnownFileType = file.storyboard; name = Base; path = Base.lproj/Main.storyboard; sourceTree = "<group>"; };
		6AE870972B35B75B0020C9FB /* Assets.xcassets */ = {isa = PBXFileReference; lastKnownFileType = folder.assetcatalog; path = Assets.xcassets; sourceTree = "<group>"; };
		6AE8709A2B35B75B0020C9FB /* Base */ = {isa = PBXFileReference; lastKnownFileType = file.storyboard; name = Base; path = Base.lproj/LaunchScreen.storyboard; sourceTree = "<group>"; };
		6AE8709C2B35B75B0020C9FB /* Info.plist */ = {isa = PBXFileReference; lastKnownFileType = text.plist.xml; path = Info.plist; sourceTree = "<group>"; };
		6AE870A12B35B75B0020C9FB /* UdderTests.xctest */ = {isa = PBXFileReference; explicitFileType = wrapper.cfbundle; includeInIndex = 0; path = UdderTests.xctest; sourceTree = BUILT_PRODUCTS_DIR; };
		6AE870A52B35B75B0020C9FB /* UdderTests.swift */ = {isa = PBXFileReference; lastKnownFileType = sourcecode.swift; path = UdderTests.swift; sourceTree = "<group>"; };
		6AE870AB2B35B75B0020C9FB /* UdderUITests.xctest */ = {isa = PBXFileReference; explicitFileType = wrapper.cfbundle; includeInIndex = 0; path = UdderUITests.xctest; sourceTree = BUILT_PRODUCTS_DIR; };
		6AE870AF2B35B75B0020C9FB /* UdderUITests.swift */ = {isa = PBXFileReference; lastKnownFileType = sourcecode.swift; path = UdderUITests.swift; sourceTree = "<group>"; };
		6AE870B12B35B75B0020C9FB /* UdderUITestsLaunchTests.swift */ = {isa = PBXFileReference; lastKnownFileType = sourcecode.swift; path = UdderUITestsLaunchTests.swift; sourceTree = "<group>"; };
/* End PBXFileReference section */

/* Begin PBXFrameworksBuildPhase section */
		6AE870882B35B7580020C9FB /* Frameworks */ = {
			isa = PBXFrameworksBuildPhase;
			buildActionMask = 2147483647;
			files = (
			);
			runOnlyForDeploymentPostprocessing = 0;
		};
		6AE8709E2B35B75B0020C9FB /* Frameworks */ = {
			isa = PBXFrameworksBuildPhase;
			buildActionMask = 2147483647;
			files = (
			);
			runOnlyForDeploymentPostprocessing = 0;
		};
		6AE870A82B35B75B0020C9FB /* Frameworks */ = {
			isa = PBXFrameworksBuildPhase;
			buildActionMask = 2147483647;
			files = (
			);
			runOnlyForDeploymentPostprocessing = 0;
		};
/* End PBXFrameworksBuildPhase section */

/* Begin PBXGroup section */
		6AE870822B35B7580020C9FB = {
			isa = PBXGroup;
			children = (
				6AE8708D2B35B7580020C9FB /* Udder */,
				6AE870A42B35B75B0020C9FB /* UdderTests */,
				6AE870AE2B35B75B0020C9FB /* UdderUITests */,
				6AE8708C2B35B7580020C9FB /* Products */,
			);
			sourceTree = "<group>";
		};
		6AE8708C2B35B7580020C9FB /* Products */ = {
			isa = PBXGroup;
			children = (
				6AE8708B2B35B7580020C9FB /* Udder.app */,
				6AE870A12B35B75B0020C9FB /* UdderTests.xctest */,
				6AE870AB2B35B75B0020C9FB /* UdderUITests.xctest */,
			);
			name = Products;
			sourceTree = "<group>";
		};
		6AE8708D2B35B7580020C9FB /* Udder */ = {
			isa = PBXGroup;
			children = (
				6AE8708E2B35B7580020C9FB /* AppDelegate.swift */,
				6AE870902B35B7580020C9FB /* SceneDelegate.swift */,
				6AE870922B35B7580020C9FB /* ViewController.swift */,
				6AE870942B35B7580020C9FB /* Main.storyboard */,
				6AE870972B35B75B0020C9FB /* Assets.xcassets */,
				6AE870992B35B75B0020C9FB /* LaunchScreen.storyboard */,
				6AE8709C2B35B75B0020C9FB /* Info.plist */,
			);
			path = Udder;
			sourceTree = "<group>";
		};
		6AE870A42B35B75B0020C9FB /* UdderTests */ = {
			isa = PBXGroup;
			children = (
				6AE870A52B35B75B0020C9FB /* UdderTests.swift */,
			);
			path = UdderTests;
			sourceTree = "<group>";
		};
		6AE870AE2B35B75B0020C9FB /* UdderUITests */ = {
			isa = PBXGroup;
			children = (
				6AE870AF2B35B75B0020C9FB /* UdderUITests.swift */,
				6AE870B12B35B75B0020C9FB /* UdderUITestsLaunchTests.swift */,
			);
			path = UdderUITests;
			sourceTree = "<group>";
		};
/* End PBXGroup section */

/* Begin PBXNativeTarget section */
		6AE8708A2B35B7580020C9FB /* Udder */ = {
			isa = PBXNativeTarget;
			buildConfigurationList = 6AE870B52B35B75B0020C9FB /* Build configuration list for PBXNativeTarget "Udder" */;
			buildPhases = (
				6AE870872B35B7580020C9FB /* Sources */,
				6AE870882B35B7580020C9FB /* Frameworks */,
				6AE870892B35B7580020C9FB /* Resources */,
			);
			buildRules = (
			);
			dependencies = (
			);
			name = Udder;
			productName = Udder;
			productReference = 6AE8708B2B35B7580020C9FB /* Udder.app */;
			productType = "com.apple.product-type.application";
		};
		6AE870A02B35B75B0020C9FB /* UdderTests */ = {
			isa = PBXNativeTarget;
			buildConfigurationList = 6AE870B82B35B75B0020C9FB /* Build configuration list for PBXNativeTarget "UdderTests" */;
			buildPhases = (
				6AE8709D2B35B75B0020C9FB /* Sources */,
				6AE8709E2B35B75B0020C9FB /* Frameworks */,
				6AE8709F2B35B75B0020C9FB /* Resources */,
			);
			buildRules = (
			);
			dependencies = (
				6AE870A32B35B75B0020C9FB /* PBXTargetDependency */,
			);
			name = UdderTests;
			productName = UdderTests;
			productReference = 6AE870A12B35B75B0020C9FB /* UdderTests.xctest */;
			productType = "com.apple.product-type.bundle.unit-test";
		};
		6AE870AA2B35B75B0020C9FB /* UdderUITests */ = {
			isa = PBXNativeTarget;
			buildConfigurationList = 6AE870BB2B35B75B0020C9FB /* Build configuration list for PBXNativeTarget "UdderUITests" */;
			buildPhases = (
				6AE870A72B35B75B0020C9FB /* Sources */,
				6AE870A82B35B75B0020C9FB /* Frameworks */,
				6AE870A92B35B75B0020C9FB /* Resources */,
			);
			buildRules = (
			);
			dependencies = (
				6AE870AD2B35B75B0020C9FB /* PBXTargetDependency */,
			);
			name = UdderUITests;
			productName = UdderUITests;
			productReference = 6AE870AB2B35B75B0020C9FB /* UdderUITests.xctest */;
			productType = "com.apple.product-type.bundle.ui-testing";
		};
/* End PBXNativeTarget section */

/* Begin PBXProject section */
		6AE870832B35B7580020C9FB /* Project object */ = {
			isa = PBXProject;
			attributes = {
				BuildIndependentTargetsInParallel = 1;
				LastSwiftUpdateCheck = 1430;
				LastUpgradeCheck = 1430;
				TargetAttributes = {
					6AE8708A2B35B7580020C9FB = {
						CreatedOnToolsVersion = 14.3.1;
					};
					6AE870A02B35B75B0020C9FB = {
						CreatedOnToolsVersion = 14.3.1;
						TestTargetID = 6AE8708A2B35B7580020C9FB;
					};
					6AE870AA2B35B75B0020C9FB = {
						CreatedOnToolsVersion = 14.3.1;
						TestTargetID = 6AE8708A2B35B7580020C9FB;
					};
				};
			};
			buildConfigurationList = 6AE870862B35B7580020C9FB /* Build configuration list for PBXProject "Udder" */;
			compatibilityVersion = "Xcode 14.0";
			developmentRegion = en;
			hasScannedForEncodings = 0;
			knownRegions = (
				en,
				Base,
			);
			mainGroup = 6AE870822B35B7580020C9FB;
			productRefGroup = 6AE8708C2B35B7580020C9FB /* Products */;
			projectDirPath = "";
			projectRoot = "";
			targets = (
				6AE8708A2B35B7580020C9FB /* Udder */,
				6AE870A02B35B75B0020C9FB /* UdderTests */,
				6AE870AA2B35B75B0020C9FB /* UdderUITests */,
			);
		};
/* End PBXProject section */

/* Begin PBXResourcesBuildPhase section */
		6AE870892B35B7580020C9FB /* Resources */ = {
			isa = PBXResourcesBuildPhase;
			buildActionMask = 2147483647;
			files = (
				6AE8709B2B35B75B0020C9FB /* LaunchScreen.storyboard in Resources */,
				6AE870982B35B75B0020C9FB /* Assets.xcassets in Resources */,
				6AE870962B35B7580020C9FB /* Main.storyboard in Resources */,
			);
			runOnlyForDeploymentPostprocessing = 0;
		};
		6AE8709F2B35B75B0020C9FB /* Resources */ = {
			isa = PBXResourcesBuildPhase;
			buildActionMask = 2147483647;
			files = (
			);
			runOnlyForDeploymentPostprocessing = 0;
		};
		6AE870A92B35B75B0020C9FB /* Resources */ = {
			isa = PBXResourcesBuildPhase;
			buildActionMask = 2147483647;
			files = (
			);
			runOnlyForDeploymentPostprocessing = 0;
		};
/* End PBXResourcesBuildPhase section */

/* Begin PBXSourcesBuildPhase section */
		6AE870872B35B7580020C9FB /* Sources */ = {
			isa = PBXSourcesBuildPhase;
			buildActionMask = 2147483647;
			files = (
				6AE870932B35B7580020C9FB /* ViewController.swift in Sources */,
				6AE8708F2B35B7580020C9FB /* AppDelegate.swift in Sources */,
				6AE870912B35B7580020C9FB /* SceneDelegate.swift in Sources */,
			);
			runOnlyForDeploymentPostprocessing = 0;
		};
		6AE8709D2B35B75B0020C9FB /* Sources */ = {
			isa = PBXSourcesBuildPhase;
			buildActionMask = 2147483647;
			files = (
				6AE870A62B35B75B0020C9FB /* UdderTests.swift in Sources */,
			);
			runOnlyForDeploymentPostprocessing = 0;
		};
		6AE870A72B35B75B0020C9FB /* Sources */ = {
			isa = PBXSourcesBuildPhase;
			buildActionMask = 2147483647;
			files = (
				6AE870B02B35B75B0020C9FB /* UdderUITests.swift in Sources */,
				6AE870B22B35B75B0020C9FB /* UdderUITestsLaunchTests.swift in Sources */,
			);
			runOnlyForDeploymentPostprocessing = 0;
		};
/* End PBXSourcesBuildPhase section */

/* Begin PBXTargetDependency section */
		6AE870A32B35B75B0020C9FB /* PBXTargetDependency */ = {
			isa = PBXTargetDependency;
			target = 6AE8708A2B35B7580020C9FB /* Udder */;
			targetProxy = 6AE870A22B35B75B0020C9FB /* PBXContainerItemProxy */;
		};
		6AE870AD2B35B75B0020C9FB /* PBXTargetDependency */ = {
			isa = PBXTargetDependency;
			target = 6AE8708A2B35B7580020C9FB /* Udder */;
			targetProxy = 6AE870AC2B35B75B0020C9FB /* PBXContainerItemProxy */;
		};
/* End PBXTargetDependency section */

/* Begin PBXVariantGroup section */
		6AE870942B35B7580020C9FB /* Main.storyboard */ = {
			isa = PBXVariantGroup;
			children = (
				6AE870952B35B7580020C9FB /* Base */,
			);
			name = Main.storyboard;
			sourceTree = "<group>";
		};
		6AE870992B35B75B0020C9FB /* LaunchScreen.storyboard */ = {
			isa = PBXVariantGroup;
			children = (
				6AE8709A2B35B75B0020C9FB /* Base */,
			);
			name = LaunchScreen.storyboard;
			sourceTree = "<group>";
		};
/* End PBXVariantGroup section */

/* Begin XCBuildConfiguration section */
		6AE870B32B35B75B0020C9FB /* Debug */ = {
			isa = XCBuildConfiguration;
			buildSettings = {
				ALWAYS_SEARCH_USER_PATHS = NO;
				CLANG_ANALYZER_NONNULL = YES;
				CLANG_ANALYZER_NUMBER_OBJECT_CONVERSION = YES_AGGRESSIVE;
				CLANG_CXX_LANGUAGE_STANDARD = "gnu++20";
				CLANG_ENABLE_MODULES = YES;
				CLANG_ENABLE_OBJC_ARC = YES;
				CLANG_ENABLE_OBJC_WEAK = YES;
				CLANG_WARN_BLOCK_CAPTURE_AUTORELEASING = YES;
				CLANG_WARN_BOOL_CONVERSION = YES;
				CLANG_WARN_COMMA = YES;
				CLANG_WARN_CONSTANT_CONVERSION = YES;
				CLANG_WARN_DEPRECATED_OBJC_IMPLEMENTATIONS = YES;
				CLANG_WARN_DIRECT_OBJC_ISA_USAGE = YES_ERROR;
				CLANG_WARN_DOCUMENTATION_COMMENTS = YES;
				CLANG_WARN_EMPTY_BODY = YES;
				CLANG_WARN_ENUM_CONVERSION = YES;
				CLANG_WARN_INFINITE_RECURSION = YES;
				CLANG_WARN_INT_CONVERSION = YES;
				CLANG_WARN_NON_LITERAL_NULL_CONVERSION = YES;
				CLANG_WARN_OBJC_IMPLICIT_RETAIN_SELF = YES;
				CLANG_WARN_OBJC_LITERAL_CONVERSION = YES;
				CLANG_WARN_OBJC_ROOT_CLASS = YES_ERROR;
				CLANG_WARN_QUOTED_INCLUDE_IN_FRAMEWORK_HEADER = YES;
				CLANG_WARN_RANGE_LOOP_ANALYSIS = YES;
				CLANG_WARN_STRICT_PROTOTYPES = YES;
				CLANG_WARN_SUSPICIOUS_MOVE = YES;
				CLANG_WARN_UNGUARDED_AVAILABILITY = YES_AGGRESSIVE;
				CLANG_WARN_UNREACHABLE_CODE = YES;
				CLANG_WARN__DUPLICATE_METHOD_MATCH = YES;
				COPY_PHASE_STRIP = NO;
				DEBUG_INFORMATION_FORMAT = dwarf;
				ENABLE_STRICT_OBJC_MSGSEND = YES;
				ENABLE_TESTABILITY = YES;
				GCC_C_LANGUAGE_STANDARD = gnu11;
				GCC_DYNAMIC_NO_PIC = NO;
				GCC_NO_COMMON_BLOCKS = YES;
				GCC_OPTIMIZATION_LEVEL = 0;
				GCC_PREPROCESSOR_DEFINITIONS = (
					"DEBUG=1",
					"$(inherited)",
				);
				GCC_WARN_64_TO_32_BIT_CONVERSION = YES;
				GCC_WARN_ABOUT_RETURN_TYPE = YES_ERROR;
				GCC_WARN_UNDECLARED_SELECTOR = YES;
				GCC_WARN_UNINITIALIZED_AUTOS = YES_AGGRESSIVE;
				GCC_WARN_UNUSED_FUNCTION = YES;
				GCC_WARN_UNUSED_VARIABLE = YES;
				IPHONEOS_DEPLOYMENT_TARGET = 16.4;
				MTL_ENABLE_DEBUG_INFO = INCLUDE_SOURCE;
				MTL_FAST_MATH = YES;
				ONLY_ACTIVE_ARCH = YES;
				SDKROOT = iphoneos;
				SWIFT_ACTIVE_COMPILATION_CONDITIONS = DEBUG;
				SWIFT_OPTIMIZATION_LEVEL = "-Onone";
			};
			name = Debug;
		};
		6AE870B42B35B75B0020C9FB /* Release */ = {
			isa = XCBuildConfiguration;
			buildSettings = {
				ALWAYS_SEARCH_USER_PATHS = NO;
				CLANG_ANALYZER_NONNULL = YES;
				CLANG_ANALYZER_NUMBER_OBJECT_CONVERSION = YES_AGGRESSIVE;
				CLANG_CXX_LANGUAGE_STANDARD = "gnu++20";
				CLANG_ENABLE_MODULES = YES;
				CLANG_ENABLE_OBJC_ARC = YES;
				CLANG_ENABLE_OBJC_WEAK = YES;
				CLANG_WARN_BLOCK_CAPTURE_AUTORELEASING = YES;
				CLANG_WARN_BOOL_CONVERSION = YES;
				CLANG_WARN_COMMA = YES;
				CLANG_WARN_CONSTANT_CONVERSION = YES;
				CLANG_WARN_DEPRECATED_OBJC_IMPLEMENTATIONS = YES;
				CLANG_WARN_DIRECT_OBJC_ISA_USAGE = YES_ERROR;
				CLANG_WARN_DOCUMENTATION_COMMENTS = YES;
				CLANG_WARN_EMPTY_BODY = YES;
				CLANG_WARN_ENUM_CONVERSION = YES;
				CLANG_WARN_INFINITE_RECURSION = YES;
				CLANG_WARN_INT_CONVERSION = YES;
				CLANG_WARN_NON_LITERAL_NULL_CONVERSION = YES;
				CLANG_WARN_OBJC_IMPLICIT_RETAIN_SELF = YES;
				CLANG_WARN_OBJC_LITERAL_CONVERSION = YES;
				CLANG_WARN_OBJC_ROOT_CLASS = YES_ERROR;
				CLANG_WARN_QUOTED_INCLUDE_IN_FRAMEWORK_HEADER = YES;
				CLANG_WARN_RANGE_LOOP_ANALYSIS = YES;
				CLANG_WARN_STRICT_PROTOTYPES = YES;
				CLANG_WARN_SUSPICIOUS_MOVE = YES;
				CLANG_WARN_UNGUARDED_AVAILABILITY = YES_AGGRESSIVE;
				CLANG_WARN_UNREACHABLE_CODE = YES;
				CLANG_WARN__DUPLICATE_METHOD_MATCH = YES;
				COPY_PHASE_STRIP = NO;
				DEBUG_INFORMATION_FORMAT = "dwarf-with-dsym";
				ENABLE_NS_ASSERTIONS = NO;
				ENABLE_STRICT_OBJC_MSGSEND = YES;
				GCC_C_LANGUAGE_STANDARD = gnu11;
				GCC_NO_COMMON_BLOCKS = YES;
				GCC_WARN_64_TO_32_BIT_CONVERSION = YES;
				GCC_WARN_ABOUT_RETURN_TYPE = YES_ERROR;
				GCC_WARN_UNDECLARED_SELECTOR = YES;
				GCC_WARN_UNINITIALIZED_AUTOS = YES_AGGRESSIVE;
				GCC_WARN_UNUSED_FUNCTION = YES;
				GCC_WARN_UNUSED_VARIABLE = YES;
				IPHONEOS_DEPLOYMENT_TARGET = 16.4;
				MTL_ENABLE_DEBUG_INFO = NO;
				MTL_FAST_MATH = YES;
				SDKROOT = iphoneos;
				SWIFT_COMPILATION_MODE = wholemodule;
				SWIFT_OPTIMIZATION_LEVEL = "-O";
				VALIDATE_PRODUCT = YES;
			};
			name = Release;
		};
		6AE870B62B35B75B0020C9FB /* Debug */ = {
			isa = XCBuildConfiguration;
			buildSettings = {
				ASSETCATALOG_COMPILER_APPICON_NAME = AppIcon;
				ASSETCATALOG_COMPILER_GLOBAL_ACCENT_COLOR_NAME = AccentColor;
				CODE_SIGN_STYLE = Automatic;
				CURRENT_PROJECT_VERSION = 1;
				DEVELOPMENT_TEAM = J98M9P7A6F;
				GENERATE_INFOPLIST_FILE = YES;
				INFOPLIST_FILE = Udder/Info.plist;
				INFOPLIST_KEY_UIApplicationSupportsIndirectInputEvents = YES;
				INFOPLIST_KEY_UILaunchStoryboardName = LaunchScreen;
				INFOPLIST_KEY_UIMainStoryboardFile = Main;
				INFOPLIST_KEY_UISupportedInterfaceOrientations_iPad = "UIInterfaceOrientationPortrait UIInterfaceOrientationPortraitUpsideDown UIInterfaceOrientationLandscapeLeft UIInterfaceOrientationLandscapeRight";
				INFOPLIST_KEY_UISupportedInterfaceOrientations_iPhone = "UIInterfaceOrientationPortrait UIInterfaceOrientationLandscapeLeft UIInterfaceOrientationLandscapeRight";
				LD_RUNPATH_SEARCH_PATHS = (
					"$(inherited)",
					"@executable_path/Frameworks",
				);
				MARKETING_VERSION = 1.0;
				PRODUCT_BUNDLE_IDENTIFIER = com.forsmajor.Udder;
				PRODUCT_NAME = "$(TARGET_NAME)";
				SWIFT_EMIT_LOC_STRINGS = YES;
				SWIFT_VERSION = 5.0;
				TARGETED_DEVICE_FAMILY = "1,2";
			};
			name = Debug;
		};
		6AE870B72B35B75B0020C9FB /* Release */ = {
			isa = XCBuildConfiguration;
			buildSettings = {
				ASSETCATALOG_COMPILER_APPICON_NAME = AppIcon;
				ASSETCATALOG_COMPILER_GLOBAL_ACCENT_COLOR_NAME = AccentColor;
				CODE_SIGN_STYLE = Automatic;
				CURRENT_PROJECT_VERSION = 1;
				DEVELOPMENT_TEAM = J98M9P7A6F;
				GENERATE_INFOPLIST_FILE = YES;
				INFOPLIST_FILE = Udder/Info.plist;
				INFOPLIST_KEY_UIApplicationSupportsIndirectInputEvents = YES;
				INFOPLIST_KEY_UILaunchStoryboardName = LaunchScreen;
				INFOPLIST_KEY_UIMainStoryboardFile = Main;
				INFOPLIST_KEY_UISupportedInterfaceOrientations_iPad = "UIInterfaceOrientationPortrait UIInterfaceOrientationPortraitUpsideDown UIInterfaceOrientationLandscapeLeft UIInterfaceOrientationLandscapeRight";
				INFOPLIST_KEY_UISupportedInterfaceOrientations_iPhone = "UIInterfaceOrientationPortrait UIInterfaceOrientationLandscapeLeft UIInterfaceOrientationLandscapeRight";
				LD_RUNPATH_SEARCH_PATHS = (
					"$(inherited)",
					"@executable_path/Frameworks",
				);
				MARKETING_VERSION = 1.0;
				PRODUCT_BUNDLE_IDENTIFIER = com.forsmajor.Udder;
				PRODUCT_NAME = "$(TARGET_NAME)";
				SWIFT_EMIT_LOC_STRINGS = YES;
				SWIFT_VERSION = 5.0;
				TARGETED_DEVICE_FAMILY = "1,2";
			};
			name = Release;
		};
		6AE870B92B35B75B0020C9FB /* Debug */ = {
			isa = XCBuildConfiguration;
			buildSettings = {
				ALWAYS_EMBED_SWIFT_STANDARD_LIBRARIES = YES;
				BUNDLE_LOADER = "$(TEST_HOST)";
				CODE_SIGN_STYLE = Automatic;
				CURRENT_PROJECT_VERSION = 1;
				DEVELOPMENT_TEAM = J98M9P7A6F;
				GENERATE_INFOPLIST_FILE = YES;
				IPHONEOS_DEPLOYMENT_TARGET = 16.4;
				MARKETING_VERSION = 1.0;
				PRODUCT_BUNDLE_IDENTIFIER = com.forsmajor.UdderTests;
				PRODUCT_NAME = "$(TARGET_NAME)";
				SWIFT_EMIT_LOC_STRINGS = NO;
				SWIFT_VERSION = 5.0;
				TARGETED_DEVICE_FAMILY = "1,2";
				TEST_HOST = "$(BUILT_PRODUCTS_DIR)/Udder.app/$(BUNDLE_EXECUTABLE_FOLDER_PATH)/Udder";
			};
			name = Debug;
		};
		6AE870BA2B35B75B0020C9FB /* Release */ = {
			isa = XCBuildConfiguration;
			buildSettings = {
				ALWAYS_EMBED_SWIFT_STANDARD_LIBRARIES = YES;
				BUNDLE_LOADER = "$(TEST_HOST)";
				CODE_SIGN_STYLE = Automatic;
				CURRENT_PROJECT_VERSION = 1;
				DEVELOPMENT_TEAM = J98M9P7A6F;
				GENERATE_INFOPLIST_FILE = YES;
				IPHONEOS_DEPLOYMENT_TARGET = 16.4;
				MARKETING_VERSION = 1.0;
				PRODUCT_BUNDLE_IDENTIFIER = com.forsmajor.UdderTests;
				PRODUCT_NAME = "$(TARGET_NAME)";
				SWIFT_EMIT_LOC_STRINGS = NO;
				SWIFT_VERSION = 5.0;
				TARGETED_DEVICE_FAMILY = "1,2";
				TEST_HOST = "$(BUILT_PRODUCTS_DIR)/Udder.app/$(BUNDLE_EXECUTABLE_FOLDER_PATH)/Udder";
			};
			name = Release;
		};
		6AE870BC2B35B75B0020C9FB /* Debug */ = {
			isa = XCBuildConfiguration;
			buildSettings = {
				ALWAYS_EMBED_SWIFT_STANDARD_LIBRARIES = YES;
				CODE_SIGN_STYLE = Automatic;
				CURRENT_PROJECT_VERSION = 1;
				DEVELOPMENT_TEAM = J98M9P7A6F;
				GENERATE_INFOPLIST_FILE = YES;
				MARKETING_VERSION = 1.0;
				PRODUCT_BUNDLE_IDENTIFIER = com.forsmajor.UdderUITests;
				PRODUCT_NAME = "$(TARGET_NAME)";
				SWIFT_EMIT_LOC_STRINGS = NO;
				SWIFT_VERSION = 5.0;
				TARGETED_DEVICE_FAMILY = "1,2";
				TEST_TARGET_NAME = Udder;
			};
			name = Debug;
		};
		6AE870BD2B35B75B0020C9FB /* Release */ = {
			isa = XCBuildConfiguration;
			buildSettings = {
				ALWAYS_EMBED_SWIFT_STANDARD_LIBRARIES = YES;
				CODE_SIGN_STYLE = Automatic;
				CURRENT_PROJECT_VERSION = 1;
				DEVELOPMENT_TEAM = J98M9P7A6F;
				GENERATE_INFOPLIST_FILE = YES;
				MARKETING_VERSION = 1.0;
				PRODUCT_BUNDLE_IDENTIFIER = com.forsmajor.UdderUITests;
				PRODUCT_NAME = "$(TARGET_NAME)";
				SWIFT_EMIT_LOC_STRINGS = NO;
				SWIFT_VERSION = 5.0;
				TARGETED_DEVICE_FAMILY = "1,2";
				TEST_TARGET_NAME = Udder;
			};
			name = Release;
		};
/* End XCBuildConfiguration section */

/* Begin XCConfigurationList section */
		6AE870862B35B7580020C9FB /* Build configuration list for PBXProject "Udder" */ = {
			isa = XCConfigurationList;
			buildConfigurations = (
				6AE870B32B35B75B0020C9FB /* Debug */,
				6AE870B42B35B75B0020C9FB /* Release */,
			);
			defaultConfigurationIsVisible = 0;
			defaultConfigurationName = Release;
		};
		6AE870B52B35B75B0020C9FB /* Build configuration list for PBXNativeTarget "Udder" */ = {
			isa = XCConfigurationList;
			buildConfigurations = (
				6AE870B62B35B75B0020C9FB /* Debug */,
				6AE870B72B35B75B0020C9FB /* Release */,
			);
			defaultConfigurationIsVisible = 0;
			defaultConfigurationName = Release;
		};
		6AE870B82B35B75B0020C9FB /* Build configuration list for PBXNativeTarget "UdderTests" */ = {
			isa = XCConfigurationList;
			buildConfigurations = (
				6AE870B92B35B75B0020C9FB /* Debug */,
				6AE870BA2B35B75B0020C9FB /* Release */,
			);
			defaultConfigurationIsVisible = 0;
			defaultConfigurationName = Release;
		};
		6AE870BB2B35B75B0020C9FB /* Build configuration list for PBXNativeTarget "UdderUITests" */ = {
			isa = XCConfigurationList;
			buildConfigurations = (
				6AE870BC2B35B75B0020C9FB /* Debug */,
				6AE870BD2B35B75B0020C9FB /* Release */,
			);
			defaultConfigurationIsVisible = 0;
			defaultConfigurationName = Release;
		};
/* End XCConfigurationList section */
	};
	rootObject = 6AE870832B35B7580020C9FB /* Project object */;
}
